
Microsoft Visual Studio Solution File, Format Version 12.00
# Visual Studio Version 17
VisualStudioVersion = 17.5.33530.505
MinimumVisualStudioVersion = 10.0.40219.1
Project("{9A19103F-16F7-4668-BE54-9A1E7A4F7556}") = "CaptureGif", "CaptureGif\CaptureGif.csproj", "{66B89F50-1B05-4FD2-BE45-DCDECBCAA3DF}"
EndProject
Project("{9A19103F-16F7-4668-BE54-9A1E7A4F7556}") = "AnimatedGif", "AnimatedGif\AnimatedGif.csproj", "{2702E274-16BD-4264-ACA8-D453D6FB791A}"
EndProject
Global
	GlobalSection(SolutionConfigurationPlatforms) = preSolution
		Debug|Any CPU = Debug|Any CPU
		Debug|x64 = Debug|x64
		Debug|x86 = Debug|x86
		Release|Any CPU = Release|Any CPU
		Release|x64 = Release|x64
		Release|x86 = Release|x86
	EndGlobalSection
	GlobalSection(ProjectConfigurationPlatforms) = postSolution
		{66B89F50-1B05-4FD2-BE45-DCDECBCAA3DF}.Debug|Any CPU.ActiveCfg = Debug|Any CPU
		{66B89F50-1B05-4FD2-BE45-DCDECBCAA3DF}.Debug|Any CPU.Build.0 = Debug|Any CPU
		{66B89F50-1B05-4FD2-BE45-DCDECBCAA3DF}.Debug|x64.ActiveCfg = Debug|Any CPU
		{66B89F50-1B05-4FD2-BE45-DCDECBCAA3DF}.Debug|x64.Build.0 = Debug|Any CPU
		{66B89F50-1B05-4FD2-BE45-DCDECBCAA3DF}.Debug|x86.ActiveCfg = Debug|Any CPU
		{66B89F50-1B05-4FD2-BE45-DCDECBCAA3DF}.Debug|x86.Build.0 = Debug|Any CPU
		{66B89F50-1B05-4FD2-BE45-DCDECBCAA3DF}.Release|Any CPU.ActiveCfg = Release|Any CPU
		{66B89F50-1B05-4FD2-BE45-DCDECBCAA3DF}.Release|Any CPU.Build.0 = Release|Any CPU
		{66B89F50-1B05-4FD2-BE45-DCDECBCAA3DF}.Release|x64.ActiveCfg = Release|Any CPU
		{66B89F50-1B05-4FD2-BE45-DCDECBCAA3DF}.Release|x64.Build.0 = Release|Any CPU
		{66B89F50-1B05-4FD2-BE45-DCDECBCAA3DF}.Release|x86.ActiveCfg = Release|Any CPU
		{66B89F50-1B05-4FD2-BE45-DCDECBCAA3DF}.Release|x86.Build.0 = Release|Any CPU
		{2702E274-16BD-4264-ACA8-D453D6FB791A}.Debug|Any CPU.ActiveCfg = Debug|Any CPU
		{2702E274-16BD-4264-ACA8-D453D6FB791A}.Debug|Any CPU.Build.0 = Debug|Any CPU
		{2702E274-16BD-4264-ACA8-D453D6FB791A}.Debug|x64.ActiveCfg = Debug|x64
		{2702E274-16BD-4264-ACA8-D453D6FB791A}.Debug|x64.Build.0 = Debug|x64
		{2702E274-16BD-4264-ACA8-D453D6FB791A}.Debug|x86.ActiveCfg = Debug|Any CPU
		{2702E274-16BD-4264-ACA8-D453D6FB791A}.Debug|x86.Build.0 = Debug|Any CPU
		{2702E274-16BD-4264-ACA8-D453D6FB791A}.Release|Any CPU.ActiveCfg = Release|Any CPU
		{2702E274-16BD-4264-ACA8-D453D6FB791A}.Release|Any CPU.Build.0 = Release|Any CPU
		{2702E274-16BD-4264-ACA8-D453D6FB791A}.Release|x64.ActiveCfg = Release|x64
		{2702E274-16BD-4264-ACA8-D453D6FB791A}.Release|x64.Build.0 = Release|x64
		{2702E274-16BD-4264-ACA8-D453D6FB791A}.Release|x86.ActiveCfg = Release|Any CPU
		{2702E274-16BD-4264-ACA8-D453D6FB791A}.Release|x86.Build.0 = Release|Any CPU
		{0F4B0792-9C33-4C83-B771-5FA55DE16B70}.Debug|Any CPU.ActiveCfg = Debug|x86
		{0F4B0792-9C33-4C83-B771-5FA55DE16B70}.Debug|x64.ActiveCfg = Debug|x86
		{0F4B0792-9C33-4C83-B771-5FA55DE16B70}.Debug|x64.Build.0 = Debug|x86
		{0F4B0792-9C33-4C83-B771-5FA55DE16B70}.Debug|x86.ActiveCfg = Debug|x86
		{0F4B0792-9C33-4C83-B771-5FA55DE16B70}.Debug|x86.Build.0 = Debug|x86
		{0F4B0792-9C33-4C83-B771-5FA55DE16B70}.Release|Any CPU.ActiveCfg = Release|x86
		{0F4B0792-9C33-4C83-B771-5FA55DE16B70}.Release|Any CPU.Build.0 = Release|x86
		{0F4B0792-9C33-4C83-B771-5FA55DE16B70}.Release|x64.ActiveCfg = Release|x86
		{0F4B0792-9C33-4C83-B771-5FA55DE16B70}.Release|x64.Build.0 = Release|x86
		{0F4B0792-9C33-4C83-B771-5FA55DE16B70}.Release|x86.ActiveCfg = Release|x86
		{0F4B0792-9C33-4C83-B771-5FA55DE16B70}.Release|x86.Build.0 = Release|x86
	EndGlobalSection
	GlobalSection(SolutionProperties) = preSolution
		HideSolutionNode = FALSE
	EndGlobalSection
	GlobalSection(ExtensibilityGlobals) = postSolution
		SolutionGuid = {59840CB1-368A-4B81-856F-D6AD3F032C10}
	EndGlobalSection
EndGlobal
